
Microsoft Visual Studio Solution File, Format Version 12.00
# Visual Studio Version 16
VisualStudioVersion = 16.0.30621.155
MinimumVisualStudioVersion = 10.0.40219.1
Project("{FAE04EC0-301F-11D3-BF4B-00C04F79EFBC}") = "test interface 1", "test interface 1\test interface 1.csproj", "{48B1FF5C-EC6D-4511-B87D-FCF13AF892D7}"
EndProject
Global
	GlobalSection(SolutionConfigurationPlatforms) = preSolution
		Debug|Any CPU = Debug|Any CPU
		Release|Any CPU = Release|Any CPU
	EndGlobalSection
	GlobalSection(ProjectConfigurationPlatforms) = postSolution
		{48B1FF5C-EC6D-4511-B87D-FCF13AF892D7}.Debug|Any CPU.ActiveCfg = Debug|Any CPU
		{48B1FF5C-EC6D-4511-B87D-FCF13AF892D7}.Debug|Any CPU.Build.0 = Debug|Any CPU
		{48B1FF5C-EC6D-4511-B87D-FCF13AF892D7}.Release|Any CPU.ActiveCfg = Release|Any CPU
		{48B1FF5C-EC6D-4511-B87D-FCF13AF892D7}.Release|Any CPU.Build.0 = Release|Any CPU
	EndGlobalSection
	GlobalSection(SolutionProperties) = preSolution
		HideSolutionNode = FALSE
	EndGlobalSection
	GlobalSection(ExtensibilityGlobals) = postSolution
		SolutionGuid = {9AAEE249-8FFD-4AD8-9C5D-1ED0668B5C58}
	EndGlobalSection
EndGlobal
